
Microsoft Visual Studio Solution File, Format Version 12.00
# Visual Studio 15
VisualStudioVersion = 15.0.28010.2036
MinimumVisualStudioVersion = 10.0.40219.1
Project("{FAE04EC0-301F-11D3-BF4B-00C04F79EFBC}") = "Lab01AboutMeQuiz", "Lab01AboutMeQuiz\Lab01AboutMeQuiz.csproj", "{7BFE9F25-A156-4116-9468-2BE85D4CAF68}"
EndProject
Global
	GlobalSection(SolutionConfigurationPlatforms) = preSolution
		Debug|Any CPU = Debug|Any CPU
		Release|Any CPU = Release|Any CPU
	EndGlobalSection
	GlobalSection(ProjectConfigurationPlatforms) = postSolution
		{7BFE9F25-A156-4116-9468-2BE85D4CAF68}.Debug|Any CPU.ActiveCfg = Debug|Any CPU
		{7BFE9F25-A156-4116-9468-2BE85D4CAF68}.Debug|Any CPU.Build.0 = Debug|Any CPU
		{7BFE9F25-A156-4116-9468-2BE85D4CAF68}.Release|Any CPU.ActiveCfg = Release|Any CPU
		{7BFE9F25-A156-4116-9468-2BE85D4CAF68}.Release|Any CPU.Build.0 = Release|Any CPU
	EndGlobalSection
	GlobalSection(SolutionProperties) = preSolution
		HideSolutionNode = FALSE
	EndGlobalSection
	GlobalSection(ExtensibilityGlobals) = postSolution
		SolutionGuid = {A9A46E68-2777-46F1-BB46-00B501056F84}
	EndGlobalSection
EndGlobal
